{
  "name": "pub-cli",
  "version": "1.0.0",
  "lockfileVersion": 1,
  "dependencies": {
    "commander": {
      "version": "2.11.0",
      "resolved": "https://registry.npmjs.org/commander/-/commander-2.11.0.tgz",
      "integrity": "sha512-b0553uYA5YAEGgyYIGYROzKQ7X5RAqedkfjiZxwi0kL1g3bOaBNNZfYkzt/CL0umgD5wc9Jec2FbB98CjkMRvQ=="
    },
    "moment": {
      "version": "2.18.1",
      "resolved": "https://registry.npmjs.org/moment/-/moment-2.18.1.tgz",
      "integrity": "sha1-w2GT3Tzhwu7SrbfIAtu8d6gbHA8="
    },
    "pub-services": {
      "version": "file:..\\pub-services",
      "dependencies": {
        "acorn": {
          "version": "4.0.13",
          "bundled": true
        },
        "align-text": {
          "version": "0.1.4",
          "bundled": true
        },
        "alter": {
          "version": "0.2.0",
          "bundled": true
        },
        "amdefine": {
          "version": "1.0.1",
          "bundled": true
        },
        "ansi-escapes": {
          "version": "1.4.0",
          "bundled": true
        },
        "ansi-regex": {
          "version": "2.1.1",
          "bundled": true
        },
        "ansi-styles": {
          "version": "2.2.1",
          "bundled": true
        },
        "anymatch": {
          "version": "1.3.2",
          "bundled": true
        },
        "argparse": {
          "version": "1.0.9",
          "bundled": true
        },
        "arr-diff": {
          "version": "2.0.0",
          "bundled": true
        },
        "arr-flatten": {
          "version": "1.1.0",
          "bundled": true
        },
        "array-unique": {
          "version": "0.2.1",
          "bundled": true
        },
        "assertion-error": {
          "version": "1.0.2",
          "bundled": true
        },
        "ast-traverse": {
          "version": "0.1.1",
          "bundled": true
        },
        "ast-types": {
          "version": "0.9.6",
          "bundled": true
        },
        "async-each": {
          "version": "1.0.1",
          "bundled": true
        },
        "babel": {
          "version": "5.8.38",
          "bundled": true,
          "dependencies": {
            "lodash": {
              "version": "3.10.1",
              "bundled": true
            },
            "path-exists": {
              "version": "1.0.0",
              "bundled": true
            }
          }
        },
        "babel-core": {
          "version": "5.8.38",
          "bundled": true,
          "dependencies": {
            "lodash": {
              "version": "3.10.1",
              "bundled": true
            },
            "path-exists": {
              "version": "1.0.0",
              "bundled": true
            }
          }
        },
        "babel-plugin-constant-folding": {
          "version": "1.0.1",
          "bundled": true
        },
        "babel-plugin-dead-code-elimination": {
          "version": "1.0.2",
          "bundled": true
        },
        "babel-plugin-eval": {
          "version": "1.0.1",
          "bundled": true
        },
        "babel-plugin-inline-environment-variables": {
          "version": "1.0.1",
          "bundled": true
        },
        "babel-plugin-jscript": {
          "version": "1.0.4",
          "bundled": true
        },
        "babel-plugin-member-expression-literals": {
          "version": "1.0.1",
          "bundled": true
        },
        "babel-plugin-property-literals": {
          "version": "1.0.1",
          "bundled": true
        },
        "babel-plugin-proto-to-assign": {
          "version": "1.0.4",
          "bundled": true,
          "dependencies": {
            "lodash": {
              "version": "3.10.1",
              "bundled": true
            }
          }
        },
        "babel-plugin-react-constant-elements": {
          "version": "1.0.3",
          "bundled": true
        },
        "babel-plugin-react-display-name": {
          "version": "1.0.3",
          "bundled": true
        },
        "babel-plugin-remove-console": {
          "version": "1.0.1",
          "bundled": true
        },
        "babel-plugin-remove-debugger": {
          "version": "1.0.1",
          "bundled": true
        },
        "babel-plugin-runtime": {
          "version": "1.0.7",
          "bundled": true
        },
        "babel-plugin-undeclared-variables-check": {
          "version": "1.0.2",
          "bundled": true
        },
        "babel-plugin-undefined-to-void": {
          "version": "1.1.6",
          "bundled": true
        },
        "babylon": {
          "version": "5.8.38",
          "bundled": true
        },
        "balanced-match": {
          "version": "1.0.0",
          "bundled": true
        },
        "binary-extensions": {
          "version": "1.10.0",
          "bundled": true
        },
        "bluebird": {
          "version": "2.11.0",
          "bundled": true
        },
        "brace-expansion": {
          "version": "1.1.8",
          "bundled": true
        },
        "braces": {
          "version": "1.8.5",
          "bundled": true
        },
        "breakable": {
          "version": "1.0.0",
          "bundled": true
        },
        "browser-stdout": {
          "version": "1.3.0",
          "bundled": true
        },
        "camelcase": {
          "version": "1.2.1",
          "bundled": true
        },
        "center-align": {
          "version": "0.1.3",
          "bundled": true
        },
        "chai": {
          "version": "4.1.2",
          "bundled": true
        },
        "chalk": {
          "version": "1.1.3",
          "bundled": true
        },
        "check-error": {
          "version": "1.0.2",
          "bundled": true
        },
        "chokidar": {
          "version": "1.7.0",
          "bundled": true
        },
        "cli-cursor": {
          "version": "1.0.2",
          "bundled": true
        },
        "cli-width": {
          "version": "1.1.1",
          "bundled": true
        },
        "cliui": {
          "version": "2.1.0",
          "bundled": true
        },
        "code-point-at": {
          "version": "1.1.0",
          "bundled": true
        },
        "colorful": {
          "version": "2.1.0",
          "bundled": true
        },
        "commander": {
          "version": "2.11.0",
          "bundled": true
        },
        "commoner": {
          "version": "0.10.8",
          "bundled": true,
          "dependencies": {
            "esprima": {
              "version": "3.1.3",
              "bundled": true
            },
            "recast": {
              "version": "0.11.23",
              "bundled": true
            }
          }
        },
        "concat-map": {
          "version": "0.0.1",
          "bundled": true
        },
        "configstore": {
          "version": "1.4.0",
          "bundled": true
        },
        "convert-source-map": {
          "version": "1.5.0",
          "bundled": true
        },
        "core-js": {
          "version": "1.2.7",
          "bundled": true
        },
        "core-util-is": {
          "version": "1.0.2",
          "bundled": true
        },
        "debug": {
          "version": "2.6.9",
          "bundled": true
        },
        "decamelize": {
          "version": "1.2.0",
          "bundled": true
        },
        "deep-eql": {
          "version": "3.0.1",
          "bundled": true
        },
        "deep-extend": {
          "version": "0.4.2",
          "bundled": true
        },
        "defined": {
          "version": "1.0.0",
          "bundled": true
        },
        "defs": {
          "version": "1.1.1",
          "bundled": true
        },
        "detect-indent": {
          "version": "3.0.1",
          "bundled": true
        },
        "detective": {
          "version": "4.5.0",
          "bundled": true
        },
        "diff": {
          "version": "3.2.0",
          "bundled": true
        },
        "duplexify": {
          "version": "3.5.1",
          "bundled": true
        },
        "end-of-stream": {
          "version": "1.4.0",
          "bundled": true
        },
        "escape-string-regexp": {
          "version": "1.0.5",
          "bundled": true
        },
        "esprima-fb": {
          "version": "15001.1001.0-dev-harmony-fb",
          "bundled": true
        },
        "esutils": {
          "version": "2.0.2",
          "bundled": true
        },
        "exit-hook": {
          "version": "1.1.1",
          "bundled": true
        },
        "expand-brackets": {
          "version": "0.1.5",
          "bundled": true
        },
        "expand-range": {
          "version": "1.8.2",
          "bundled": true
        },
        "extglob": {
          "version": "0.3.2",
          "bundled": true
        },
        "figures": {
          "version": "1.7.0",
          "bundled": true
        },
        "filename-regex": {
          "version": "2.0.1",
          "bundled": true
        },
        "fill-range": {
          "version": "2.2.3",
          "bundled": true
        },
        "for-in": {
          "version": "1.0.2",
          "bundled": true
        },
        "for-own": {
          "version": "0.1.5",
          "bundled": true
        },
        "fs-readdir-recursive": {
          "version": "0.1.2",
          "bundled": true
        },
        "fsevents": {
          "version": "1.1.2",
          "bundled": true,
          "optional": true,
          "dependencies": {
            "abbrev": {
              "version": "1.1.0",
              "bundled": true,
              "optional": true
            },
            "ajv": {
              "version": "4.11.8",
              "bundled": true,
              "optional": true
            },
            "ansi-regex": {
              "version": "2.1.1",
              "bundled": true
            },
            "aproba": {
              "version": "1.1.1",
              "bundled": true,
              "optional": true
            },
            "are-we-there-yet": {
              "version": "1.1.4",
              "bundled": true,
              "optional": true
            },
            "asn1": {
              "version": "0.2.3",
              "bundled": true,
              "optional": true
            },
            "assert-plus": {
              "version": "0.2.0",
              "bundled": true,
              "optional": true
            },
            "asynckit": {
              "version": "0.4.0",
              "bundled": true,
              "optional": true
            },
            "aws-sign2": {
              "version": "0.6.0",
              "bundled": true,
              "optional": true
            },
            "aws4": {
              "version": "1.6.0",
              "bundled": true,
              "optional": true
            },
            "balanced-match": {
              "version": "0.4.2",
              "bundled": true
            },
            "bcrypt-pbkdf": {
              "version": "1.0.1",
              "bundled": true,
              "optional": true
            },
            "block-stream": {
              "version": "0.0.9",
              "bundled": true
            },
            "boom": {
              "version": "2.10.1",
              "bundled": true
            },
            "brace-expansion": {
              "version": "1.1.7",
              "bundled": true
            },
            "buffer-shims": {
              "version": "1.0.0",
              "bundled": true
            },
            "caseless": {
              "version": "0.12.0",
              "bundled": true,
              "optional": true
            },
            "co": {
              "version": "4.6.0",
              "bundled": true,
              "optional": true
            },
            "code-point-at": {
              "version": "1.1.0",
              "bundled": true
            },
            "combined-stream": {
              "version": "1.0.5",
              "bundled": true
            },
            "concat-map": {
              "version": "0.0.1",
              "bundled": true
            },
            "console-control-strings": {
              "version": "1.1.0",
              "bundled": true
            },
            "core-util-is": {
              "version": "1.0.2",
              "bundled": true
            },
            "cryptiles": {
              "version": "2.0.5",
              "bundled": true,
              "optional": true
            },
            "dashdash": {
              "version": "1.14.1",
              "bundled": true,
              "optional": true,
              "dependencies": {
                "assert-plus": {
                  "version": "1.0.0",
                  "bundled": true,
                  "optional": true
                }
              }
            },
            "debug": {
              "version": "2.6.8",
              "bundled": true,
              "optional": true
            },
            "deep-extend": {
              "version": "0.4.2",
              "bundled": true,
              "optional": true
            },
            "delayed-stream": {
              "version": "1.0.0",
              "bundled": true
            },
            "delegates": {
              "version": "1.0.0",
              "bundled": true,
              "optional": true
            },
            "ecc-jsbn": {
              "version": "0.1.1",
              "bundled": true,
              "optional": true
            },
            "extend": {
              "version": "3.0.1",
              "bundled": true,
              "optional": true
            },
            "extsprintf": {
              "version": "1.0.2",
              "bundled": true
            },
            "forever-agent": {
              "version": "0.6.1",
              "bundled": true,
              "optional": true
            },
            "form-data": {
              "version": "2.1.4",
              "bundled": true,
              "optional": true
            },
            "fs.realpath": {
              "version": "1.0.0",
              "bundled": true
            },
            "fstream": {
              "version": "1.0.11",
              "bundled": true
            },
            "fstream-ignore": {
              "version": "1.0.5",
              "bundled": true,
              "optional": true
            },
            "gauge": {
              "version": "2.7.4",
              "bundled": true,
              "optional": true
            },
            "getpass": {
              "version": "0.1.7",
              "bundled": true,
              "optional": true,
              "dependencies": {
                "assert-plus": {
                  "version": "1.0.0",
                  "bundled": true,
                  "optional": true
                }
              }
            },
            "glob": {
              "version": "7.1.2",
              "bundled": true
            },
            "graceful-fs": {
              "version": "4.1.11",
              "bundled": true
            },
            "har-schema": {
              "version": "1.0.5",
              "bundled": true,
              "optional": true
            },
            "har-validator": {
              "version": "4.2.1",
              "bundled": true,
              "optional": true
            },
            "has-unicode": {
              "version": "2.0.1",
              "bundled": true,
              "optional": true
            },
            "hawk": {
              "version": "3.1.3",
              "bundled": true,
              "optional": true
            },
            "hoek": {
              "version": "2.16.3",
              "bundled": true
            },
            "http-signature": {
              "version": "1.1.1",
              "bundled": true,
              "optional": true
            },
            "inflight": {
              "version": "1.0.6",
              "bundled": true
            },
            "inherits": {
              "version": "2.0.3",
              "bundled": true
            },
            "ini": {
              "version": "1.3.4",
              "bundled": true,
              "optional": true
            },
            "is-fullwidth-code-point": {
              "version": "1.0.0",
              "bundled": true
            },
            "is-typedarray": {
              "version": "1.0.0",
              "bundled": true,
              "optional": true
            },
            "isarray": {
              "version": "1.0.0",
              "bundled": true
            },
            "isstream": {
              "version": "0.1.2",
              "bundled": true,
              "optional": true
            },
            "jodid25519": {
              "version": "1.0.2",
              "bundled": true,
              "optional": true
            },
            "jsbn": {
              "version": "0.1.1",
              "bundled": true,
              "optional": true
            },
            "json-schema": {
              "version": "0.2.3",
              "bundled": true,
              "optional": true
            },
            "json-stable-stringify": {
              "version": "1.0.1",
              "bundled": true,
              "optional": true
            },
            "json-stringify-safe": {
              "version": "5.0.1",
              "bundled": true,
              "optional": true
            },
            "jsonify": {
              "version": "0.0.0",
              "bundled": true,
              "optional": true
            },
            "jsprim": {
              "version": "1.4.0",
              "bundled": true,
              "optional": true,
              "dependencies": {
                "assert-plus": {
                  "version": "1.0.0",
                  "bundled": true,
                  "optional": true
                }
              }
            },
            "mime-db": {
              "version": "1.27.0",
              "bundled": true
            },
            "mime-types": {
              "version": "2.1.15",
              "bundled": true
            },
            "minimatch": {
              "version": "3.0.4",
              "bundled": true
            },
            "minimist": {
              "version": "0.0.8",
              "bundled": true
            },
            "mkdirp": {
              "version": "0.5.1",
              "bundled": true
            },
            "ms": {
              "version": "2.0.0",
              "bundled": true,
              "optional": true
            },
            "node-pre-gyp": {
              "version": "0.6.36",
              "bundled": true,
              "optional": true
            },
            "nopt": {
              "version": "4.0.1",
              "bundled": true,
              "optional": true
            },
            "npmlog": {
              "version": "4.1.0",
              "bundled": true,
              "optional": true
            },
            "number-is-nan": {
              "version": "1.0.1",
              "bundled": true
            },
            "oauth-sign": {
              "version": "0.8.2",
              "bundled": true,
              "optional": true
            },
            "object-assign": {
              "version": "4.1.1",
              "bundled": true,
              "optional": true
            },
            "once": {
              "version": "1.4.0",
              "bundled": true
            },
            "os-homedir": {
              "version": "1.0.2",
              "bundled": true,
              "optional": true
            },
            "os-tmpdir": {
              "version": "1.0.2",
              "bundled": true,
              "optional": true
            },
            "osenv": {
              "version": "0.1.4",
              "bundled": true,
              "optional": true
            },
            "path-is-absolute": {
              "version": "1.0.1",
              "bundled": true
            },
            "performance-now": {
              "version": "0.2.0",
              "bundled": true,
              "optional": true
            },
            "process-nextick-args": {
              "version": "1.0.7",
              "bundled": true
            },
            "punycode": {
              "version": "1.4.1",
              "bundled": true,
              "optional": true
            },
            "qs": {
              "version": "6.4.0",
              "bundled": true,
              "optional": true
            },
            "rc": {
              "version": "1.2.1",
              "bundled": true,
              "optional": true,
              "dependencies": {
                "minimist": {
                  "version": "1.2.0",
                  "bundled": true,
                  "optional": true
                }
              }
            },
            "readable-stream": {
              "version": "2.2.9",
              "bundled": true
            },
            "request": {
              "version": "2.81.0",
              "bundled": true,
              "optional": true
            },
            "rimraf": {
              "version": "2.6.1",
              "bundled": true
            },
            "safe-buffer": {
              "version": "5.0.1",
              "bundled": true
            },
            "semver": {
              "version": "5.3.0",
              "bundled": true,
              "optional": true
            },
            "set-blocking": {
              "version": "2.0.0",
              "bundled": true,
              "optional": true
            },
            "signal-exit": {
              "version": "3.0.2",
              "bundled": true,
              "optional": true
            },
            "sntp": {
              "version": "1.0.9",
              "bundled": true,
              "optional": true
            },
            "sshpk": {
              "version": "1.13.0",
              "bundled": true,
              "optional": true,
              "dependencies": {
                "assert-plus": {
                  "version": "1.0.0",
                  "bundled": true,
                  "optional": true
                }
              }
            },
            "string_decoder": {
              "version": "1.0.1",
              "bundled": true
            },
            "string-width": {
              "version": "1.0.2",
              "bundled": true
            },
            "stringstream": {
              "version": "0.0.5",
              "bundled": true,
              "optional": true
            },
            "strip-ansi": {
              "version": "3.0.1",
              "bundled": true
            },
            "strip-json-comments": {
              "version": "2.0.1",
              "bundled": true,
              "optional": true
            },
            "tar": {
              "version": "2.2.1",
              "bundled": true
            },
            "tar-pack": {
              "version": "3.4.0",
              "bundled": true,
              "optional": true
            },
            "tough-cookie": {
              "version": "2.3.2",
              "bundled": true,
              "optional": true
            },
            "tunnel-agent": {
              "version": "0.6.0",
              "bundled": true,
              "optional": true
            },
            "tweetnacl": {
              "version": "0.14.5",
              "bundled": true,
              "optional": true
            },
            "uid-number": {
              "version": "0.0.6",
              "bundled": true,
              "optional": true
            },
            "util-deprecate": {
              "version": "1.0.2",
              "bundled": true
            },
            "uuid": {
              "version": "3.0.1",
              "bundled": true,
              "optional": true
            },
            "verror": {
              "version": "1.3.6",
              "bundled": true,
              "optional": true
            },
            "wide-align": {
              "version": "1.1.2",
              "bundled": true,
              "optional": true
            },
            "wrappy": {
              "version": "1.0.2",
              "bundled": true
            }
          }
        },
        "fuse.js": {
          "version": "1.3.1",
          "bundled": true
        },
        "get-func-name": {
          "version": "2.0.0",
          "bundled": true
        },
        "get-stdin": {
          "version": "4.0.1",
          "bundled": true
        },
        "glob": {
          "version": "5.0.15",
          "bundled": true
        },
        "glob-base": {
          "version": "0.3.0",
          "bundled": true
        },
        "glob-parent": {
          "version": "2.0.0",
          "bundled": true
        },
        "globals": {
          "version": "6.4.1",
          "bundled": true
        },
        "got": {
          "version": "3.3.1",
          "bundled": true,
          "dependencies": {
            "object-assign": {
              "version": "3.0.0",
              "bundled": true
            }
          }
        },
        "graceful-fs": {
          "version": "4.1.11",
          "bundled": true
        },
        "growl": {
          "version": "1.9.2",
          "bundled": true
        },
        "has-ansi": {
          "version": "2.0.0",
          "bundled": true
        },
        "he": {
          "version": "1.1.1",
          "bundled": true
        },
        "home-dir": {
          "version": "1.0.0",
          "bundled": true
        },
        "home-or-tmp": {
          "version": "1.0.0",
          "bundled": true
        },
        "iconv-lite": {
          "version": "0.4.19",
          "bundled": true
        },
        "imurmurhash": {
          "version": "0.1.4",
          "bundled": true
        },
        "infinity-agent": {
          "version": "2.0.3",
          "bundled": true
        },
        "inflight": {
          "version": "1.0.6",
          "bundled": true
        },
        "inherits": {
          "version": "2.0.3",
          "bundled": true
        },
        "ini": {
          "version": "1.3.4",
          "bundled": true
        },
        "inquirer": {
          "version": "0.11.4",
          "bundled": true,
          "dependencies": {
            "lodash": {
              "version": "3.10.1",
              "bundled": true
            }
          }
        },
        "invert-kv": {
          "version": "1.0.0",
          "bundled": true
        },
        "is-binary-path": {
          "version": "1.0.1",
          "bundled": true
        },
        "is-buffer": {
          "version": "1.1.5",
          "bundled": true
        },
        "is-dotfile": {
          "version": "1.0.3",
          "bundled": true
        },
        "is-equal-shallow": {
          "version": "0.1.3",
          "bundled": true
        },
        "is-extendable": {
          "version": "0.1.1",
          "bundled": true
        },
        "is-extglob": {
          "version": "1.0.0",
          "bundled": true
        },
        "is-finite": {
          "version": "1.0.2",
          "bundled": true
        },
        "is-fullwidth-code-point": {
          "version": "1.0.0",
          "bundled": true
        },
        "is-glob": {
          "version": "2.0.1",
          "bundled": true
        },
        "is-integer": {
          "version": "1.0.7",
          "bundled": true
        },
        "is-npm": {
          "version": "1.0.0",
          "bundled": true
        },
        "is-number": {
          "version": "2.1.0",
          "bundled": true
        },
        "is-posix-bracket": {
          "version": "0.1.1",
          "bundled": true
        },
        "is-primitive": {
          "version": "2.0.0",
          "bundled": true
        },
        "is-redirect": {
          "version": "1.0.0",
          "bundled": true
        },
        "is-stream": {
          "version": "1.1.0",
          "bundled": true
        },
        "isarray": {
          "version": "1.0.0",
          "bundled": true
        },
        "isobject": {
          "version": "2.1.0",
          "bundled": true
        },
        "js-tokens": {
          "version": "1.0.1",
          "bundled": true
        },
        "js-yaml": {
          "version": "3.10.0",
          "bundled": true,
          "dependencies": {
            "esprima": {
              "version": "4.0.0",
              "bundled": true
            }
          }
        },
        "jsesc": {
          "version": "0.5.0",
          "bundled": true
        },
        "json3": {
          "version": "3.3.2",
          "bundled": true
        },
        "json5": {
          "version": "0.4.0",
          "bundled": true
        },
        "kind-of": {
          "version": "3.2.2",
          "bundled": true
        },
        "latest-version": {
          "version": "1.0.1",
          "bundled": true
        },
        "lazy-cache": {
          "version": "1.0.4",
          "bundled": true
        },
        "lcid": {
          "version": "1.0.0",
          "bundled": true
        },
        "leven": {
          "version": "1.0.2",
          "bundled": true
        },
        "lodash": {
          "version": "4.17.4",
          "bundled": true
        },
        "lodash._baseassign": {
          "version": "3.2.0",
          "bundled": true
        },
        "lodash._basecopy": {
          "version": "3.0.1",
          "bundled": true
        },
        "lodash._basecreate": {
          "version": "3.0.3",
          "bundled": true
        },
        "lodash._getnative": {
          "version": "3.9.1",
          "bundled": true
        },
        "lodash._isiterateecall": {
          "version": "3.0.9",
          "bundled": true
        },
        "lodash.create": {
          "version": "3.1.1",
          "bundled": true
        },
        "lodash.isarguments": {
          "version": "3.1.0",
          "bundled": true
        },
        "lodash.isarray": {
          "version": "3.0.4",
          "bundled": true
        },
        "lodash.keys": {
          "version": "3.1.2",
          "bundled": true
        },
        "log-update": {
          "version": "1.0.2",
          "bundled": true
        },
        "longest": {
          "version": "1.0.1",
          "bundled": true
        },
        "lowercase-keys": {
          "version": "1.0.0",
          "bundled": true
        },
        "micromatch": {
          "version": "2.3.11",
          "bundled": true
        },
        "minimatch": {
          "version": "2.0.10",
          "bundled": true
        },
        "minimist": {
          "version": "1.2.0",
          "bundled": true
        },
        "mkdirp": {
          "version": "0.5.1",
          "bundled": true,
          "dependencies": {
            "minimist": {
              "version": "0.0.8",
              "bundled": true
            }
          }
        },
        "mocha": {
          "version": "3.5.3",
          "bundled": true,
          "dependencies": {
            "commander": {
              "version": "2.9.0",
              "bundled": true
            },
            "debug": {
              "version": "2.6.8",
              "bundled": true
            },
            "glob": {
              "version": "7.1.1",
              "bundled": true
            },
            "minimatch": {
              "version": "3.0.4",
              "bundled": true
            },
            "supports-color": {
              "version": "3.1.2",
              "bundled": true
            }
          }
        },
        "moment": {
          "version": "2.18.1",
          "bundled": true
        },
        "moments": {
          "version": "0.0.2",
          "bundled": true
        },
        "ms": {
          "version": "2.0.0",
          "bundled": true
        },
        "mute-stream": {
          "version": "0.0.5",
          "bundled": true
        },
        "myconf": {
          "version": "0.0.32",
          "bundled": true
        },
        "nan": {
          "version": "2.7.0",
          "bundled": true,
          "optional": true
        },
        "nested-error-stacks": {
          "version": "1.0.2",
          "bundled": true
        },
        "normalize-path": {
          "version": "2.1.1",
          "bundled": true
        },
        "number-is-nan": {
          "version": "1.0.1",
          "bundled": true
        },
        "object-assign": {
          "version": "4.1.1",
          "bundled": true
        },
        "object.omit": {
          "version": "2.0.1",
          "bundled": true
        },
        "once": {
          "version": "1.4.0",
          "bundled": true
        },
        "onetime": {
          "version": "1.1.0",
          "bundled": true
        },
        "os-homedir": {
          "version": "1.0.2",
          "bundled": true
        },
        "os-locale": {
          "version": "1.4.0",
          "bundled": true
        },
        "os-tmpdir": {
          "version": "1.0.2",
          "bundled": true
        },
        "osenv": {
          "version": "0.1.4",
          "bundled": true
        },
        "output-file-sync": {
          "version": "1.1.2",
          "bundled": true
        },
        "package-json": {
          "version": "1.2.0",
          "bundled": true
        },
        "parse-glob": {
          "version": "3.0.4",
          "bundled": true
        },
        "path-exists": {
          "version": "2.1.0",
          "bundled": true
        },
        "path-is-absolute": {
          "version": "1.0.1",
          "bundled": true
        },
        "path-parse": {
          "version": "1.0.5",
          "bundled": true
        },
        "pathval": {
          "version": "1.1.0",
          "bundled": true
        },
        "pinkie": {
          "version": "2.0.4",
          "bundled": true
        },
        "pinkie-promise": {
          "version": "2.0.1",
          "bundled": true
        },
        "prepend-http": {
          "version": "1.0.4",
          "bundled": true
        },
        "preserve": {
          "version": "0.2.0",
          "bundled": true
        },
        "private": {
          "version": "0.1.7",
          "bundled": true
        },
        "process-nextick-args": {
          "version": "1.0.7",
          "bundled": true
        },
        "q": {
          "version": "1.5.0",
          "bundled": true
        },
        "randomatic": {
          "version": "1.1.7",
          "bundled": true,
          "dependencies": {
            "is-number": {
              "version": "3.0.0",
              "bundled": true,
              "dependencies": {
                "kind-of": {
                  "version": "3.2.2",
                  "bundled": true
                }
              }
            },
            "kind-of": {
              "version": "4.0.0",
              "bundled": true
            }
          }
        },
        "rc": {
          "version": "1.2.1",
          "bundled": true
        },
        "read-all-stream": {
          "version": "3.1.0",
          "bundled": true
        },
        "readable-stream": {
          "version": "2.3.3",
          "bundled": true
        },
        "readdirp": {
          "version": "2.1.0",
          "bundled": true,
          "dependencies": {
            "minimatch": {
              "version": "3.0.4",
              "bundled": true
            }
          }
        },
        "readline2": {
          "version": "1.0.1",
          "bundled": true
        },
        "recast": {
          "version": "0.10.33",
          "bundled": true,
          "dependencies": {
            "ast-types": {
              "version": "0.8.12",
              "bundled": true
            }
          }
        },
        "regenerate": {
          "version": "1.3.3",
          "bundled": true
        },
        "regenerator": {
          "version": "0.8.40",
          "bundled": true
        },
        "regex-cache": {
          "version": "0.4.4",
          "bundled": true
        },
        "regexpu": {
          "version": "1.3.0",
          "bundled": true,
          "dependencies": {
            "esprima": {
              "version": "2.7.3",
              "bundled": true
            }
          }
        },
        "registry-url": {
          "version": "3.1.0",
          "bundled": true
        },
        "regjsgen": {
          "version": "0.2.0",
          "bundled": true
        },
        "regjsparser": {
          "version": "0.1.5",
          "bundled": true
        },
        "remove-trailing-separator": {
          "version": "1.1.0",
          "bundled": true
        },
        "repeat-element": {
          "version": "1.1.2",
          "bundled": true
        },
        "repeat-string": {
          "version": "1.6.1",
          "bundled": true
        },
        "repeating": {
          "version": "1.1.3",
          "bundled": true
        },
        "resolve": {
          "version": "1.4.0",
          "bundled": true
        },
        "restore-cursor": {
          "version": "1.0.1",
          "bundled": true
        },
        "right-align": {
          "version": "0.1.3",
          "bundled": true
        },
        "run-async": {
          "version": "0.1.0",
          "bundled": true
        },
        "rx-lite": {
          "version": "3.1.2",
          "bundled": true
        },
        "safe-buffer": {
          "version": "5.1.1",
          "bundled": true
        },
        "semver": {
          "version": "5.4.1",
          "bundled": true
        },
        "semver-diff": {
          "version": "2.1.0",
          "bundled": true
        },
        "set-immediate-shim": {
          "version": "1.0.1",
          "bundled": true
        },
        "shebang-regex": {
          "version": "1.0.0",
          "bundled": true
        },
        "simple-fmt": {
          "version": "0.1.0",
          "bundled": true
        },
        "simple-is": {
          "version": "0.2.0",
          "bundled": true
        },
        "slash": {
          "version": "1.0.0",
          "bundled": true
        },
        "slide": {
          "version": "1.1.6",
          "bundled": true
        },
        "source-map": {
          "version": "0.5.7",
          "bundled": true
        },
        "source-map-support": {
          "version": "0.2.10",
          "bundled": true,
          "dependencies": {
            "source-map": {
              "version": "0.1.32",
              "bundled": true
            }
          }
        },
        "sprintf-js": {
          "version": "1.0.3",
          "bundled": true
        },
        "stable": {
          "version": "0.1.6",
          "bundled": true
        },
        "stream-shift": {
          "version": "1.0.0",
          "bundled": true
        },
        "string_decoder": {
          "version": "1.0.3",
          "bundled": true
        },
        "string-length": {
          "version": "1.0.1",
          "bundled": true
        },
        "string-width": {
          "version": "1.0.2",
          "bundled": true
        },
        "stringmap": {
          "version": "0.2.2",
          "bundled": true
        },
        "stringset": {
          "version": "0.2.1",
          "bundled": true
        },
        "strip-ansi": {
          "version": "3.0.1",
          "bundled": true
        },
        "strip-json-comments": {
          "version": "2.0.1",
          "bundled": true
        },
        "supports-color": {
          "version": "2.0.0",
          "bundled": true
        },
        "through": {
          "version": "2.3.8",
          "bundled": true
        },
        "timed-out": {
          "version": "2.0.0",
          "bundled": true
        },
        "timezones.json": {
          "version": "1.3.1",
          "bundled": true
        },
        "to-fast-properties": {
          "version": "1.0.3",
          "bundled": true
        },
        "trim-right": {
          "version": "1.0.1",
          "bundled": true
        },
        "try-resolve": {
          "version": "1.0.1",
          "bundled": true
        },
        "tryor": {
          "version": "0.1.2",
          "bundled": true
        },
        "type-detect": {
          "version": "4.0.3",
          "bundled": true
        },
        "update-notifier": {
          "version": "0.5.0",
          "bundled": true
        },
        "user-home": {
          "version": "1.1.1",
          "bundled": true
        },
        "util-deprecate": {
          "version": "1.0.2",
          "bundled": true
        },
        "uuid": {
          "version": "2.0.3",
          "bundled": true
        },
        "window-size": {
          "version": "0.1.4",
          "bundled": true
        },
        "wordwrap": {
          "version": "0.0.2",
          "bundled": true
        },
        "wrappy": {
          "version": "1.0.2",
          "bundled": true
        },
        "write-file-atomic": {
          "version": "1.3.4",
          "bundled": true
        },
        "xdg-basedir": {
          "version": "2.0.0",
          "bundled": true
        },
        "y18n": {
          "version": "3.2.1",
          "bundled": true
        },
        "yargs": {
          "version": "3.27.0",
          "bundled": true
        }
      }
    }
  }
}
